<Solution>
  <Folder Name="/Task0/">
    <Project Path="Tyuiu.VorontsovAS.Sprint1.Task0.V10.Lib/Tyuiu.VorontsovAS.Sprint1.Task0.V10.Lib.csproj" />
    <Project Path="Tyuiu.VorontsovAS.Sprint1.Task0.V10.Test/Tyuiu.VorontsovAS.Sprint1.Task0.V10.Test.csproj" />
    <Project Path="Tyuiu.VorontsovAS.Sprint1.Task0.V10/Tyuiu.VorontsovAS.Sprint1.Task0.V10.csproj" />
  </Folder>
  <Folder Name="/Task1/">
    <Project Path="Tyuiu.VorontsovAS.Sprint1.Task1.V11.Lib/Tyuiu.VorontsovAS.Sprint1.Task1.V11.Lib.csproj" />
    <Project Path="Tyuiu.VorontsovAS.Sprint1.Task1.V11.Test/Tyuiu.VorontsovAS.Sprint1.Task1.V11.Test.csproj" />
    <Project Path="Tyuiu.VorontsovAS.Sprint1.Task1.V11/Tyuiu.VorontsovAS.Sprint1.Task1.V11.csproj" />
  </Folder>
  <Folder Name="/Task2/">
    <Project Path="Tyuiu.VorontsovAS.Sprint1.Task2.V9.Lib/Tyuiu.VorontsovAS.Sprint1.Task2.V9.Lib.csproj" />
    <Project Path="Tyuiu.VorontsovAS.Sprint1.Task2.V9.Test/Tyuiu.VorontsovAS.Sprint1.Task2.V9.Test.csproj" />
    <Project Path="Tyuiu.VorontsovAS.Sprint1.Task2.V9/Tyuiu.VorontsovAS.Sprint1.Task2.V9.csproj" />
  </Folder>
  <Folder Name="/Task3/">
    <Project Path="Tyuiu.VorontsovAS.Sprint1.Task3.V17.Lib/Tyuiu.VorontsovAS.Sprint1.Task3.V17.Lib.csproj" />
    <Project Path="Tyuiu.VorontsovAS.Sprint1.Task3.V17.Test/Tyuiu.VorontsovAS.Sprint1.Task3.V17.Test.csproj" />
    <Project Path="Tyuiu.VorontsovAS.Sprint1.Task3.V17/Tyuiu.VorontsovAS.Sprint1.Task3.V17.csproj" />
  </Folder>
</Solution>
